
Microsoft Visual Studio Solution File, Format Version 12.00
# Visual Studio Version 16
VisualStudioVersion = 16.0.31515.178
MinimumVisualStudioVersion = 10.0.40219.1
Project("{2150E333-8FDC-42A3-9474-1A3956D46DE8}") = "OOP", "OOP", "{4A4555AF-6395-4B60-B23E-297BC9A5EACE}"
EndProject
Project("{FAE04EC0-301F-11D3-BF4B-00C04F79EFBC}") = "OOP", "OOP\OOP.csproj", "{DB6AAD19-0836-4A58-89A4-A8F020229374}"
EndProject
Global
	GlobalSection(SolutionConfigurationPlatforms) = preSolution
		Debug|Any CPU = Debug|Any CPU
		Release|Any CPU = Release|Any CPU
	EndGlobalSection
	GlobalSection(ProjectConfigurationPlatforms) = postSolution
		{DB6AAD19-0836-4A58-89A4-A8F020229374}.Debug|Any CPU.ActiveCfg = Debug|Any CPU
		{DB6AAD19-0836-4A58-89A4-A8F020229374}.Debug|Any CPU.Build.0 = Debug|Any CPU
		{DB6AAD19-0836-4A58-89A4-A8F020229374}.Release|Any CPU.ActiveCfg = Release|Any CPU
		{DB6AAD19-0836-4A58-89A4-A8F020229374}.Release|Any CPU.Build.0 = Release|Any CPU
	EndGlobalSection
	GlobalSection(SolutionProperties) = preSolution
		HideSolutionNode = FALSE
	EndGlobalSection
	GlobalSection(NestedProjects) = preSolution
		{DB6AAD19-0836-4A58-89A4-A8F020229374} = {4A4555AF-6395-4B60-B23E-297BC9A5EACE}
	EndGlobalSection
	GlobalSection(ExtensibilityGlobals) = postSolution
		SolutionGuid = {A5684716-BC51-4F34-A7B1-8FEF10C8ABF0}
	EndGlobalSection
EndGlobal
